
Microsoft Visual Studio Solution File, Format Version 12.00
# Visual Studio Version 17
VisualStudioVersion = 17.2.32602.215
MinimumVisualStudioVersion = 10.0.40219.1
Project("{D2ABAB84-BF74-430A-B69E-9DC6D40DDA17}") = "Test", "Test.dwproj", "{37585629-E8B7-4E32-BAEC-EDAFF83BF686}"
EndProject
Global
	GlobalSection(SolutionConfigurationPlatforms) = preSolution
		Development|Default = Development|Default
	EndGlobalSection
	GlobalSection(ProjectConfigurationPlatforms) = postSolution
		{37585629-E8B7-4E32-BAEC-EDAFF83BF686}.Development|Default.ActiveCfg = Development
		{37585629-E8B7-4E32-BAEC-EDAFF83BF686}.Development|Default.Build.0 = Development
		{37585629-E8B7-4E32-BAEC-EDAFF83BF686}.Development|Default.Deploy.0 = Development
	EndGlobalSection
	GlobalSection(SolutionProperties) = preSolution
		HideSolutionNode = FALSE
	EndGlobalSection
	GlobalSection(ExtensibilityGlobals) = postSolution
		SolutionGuid = {39961AE0-CD6F-4614-8AFB-0A25BFE21B89}
	EndGlobalSection
EndGlobal
