
Microsoft Visual Studio Solution File, Format Version 12.00
# Visual Studio Version 17
VisualStudioVersion = 17.2.32602.215
MinimumVisualStudioVersion = 10.0.40219.1
Project("{D2ABAB84-BF74-430A-B69E-9DC6D40DDA17}") = "cuboProyecto", "cuboProyecto.dwproj", "{D548EF09-6DBF-4666-8331-6371D2952181}"
EndProject
Global
	GlobalSection(SolutionConfigurationPlatforms) = preSolution
		Development|Default = Development|Default
	EndGlobalSection
	GlobalSection(ProjectConfigurationPlatforms) = postSolution
		{D548EF09-6DBF-4666-8331-6371D2952181}.Development|Default.ActiveCfg = Development
		{D548EF09-6DBF-4666-8331-6371D2952181}.Development|Default.Build.0 = Development
		{D548EF09-6DBF-4666-8331-6371D2952181}.Development|Default.Deploy.0 = Development
	EndGlobalSection
	GlobalSection(SolutionProperties) = preSolution
		HideSolutionNode = FALSE
	EndGlobalSection
	GlobalSection(ExtensibilityGlobals) = postSolution
		SolutionGuid = {E0A55D67-EC26-4E83-BC68-02FB9408E5BB}
	EndGlobalSection
EndGlobal
