
Microsoft Visual Studio Solution File, Format Version 12.00
# Visual Studio Version 17
VisualStudioVersion = 17.2.32616.157
MinimumVisualStudioVersion = 10.0.40219.1
Project("{D2ABAB84-BF74-430A-B69E-9DC6D40DDA17}") = "pruebita", "pruebita.dwproj", "{B8748772-6D35-4677-A8DF-12EA36BD8E74}"
EndProject
Global
	GlobalSection(SolutionConfigurationPlatforms) = preSolution
		Development|Default = Development|Default
	EndGlobalSection
	GlobalSection(ProjectConfigurationPlatforms) = postSolution
		{B8748772-6D35-4677-A8DF-12EA36BD8E74}.Development|Default.ActiveCfg = Development
		{B8748772-6D35-4677-A8DF-12EA36BD8E74}.Development|Default.Build.0 = Development
		{B8748772-6D35-4677-A8DF-12EA36BD8E74}.Development|Default.Deploy.0 = Development
	EndGlobalSection
	GlobalSection(SolutionProperties) = preSolution
		HideSolutionNode = FALSE
	EndGlobalSection
	GlobalSection(ExtensibilityGlobals) = postSolution
		SolutionGuid = {5FF10782-A019-4226-8993-7D604E6BFDEE}
	EndGlobalSection
EndGlobal
