
Microsoft Visual Studio Solution File, Format Version 12.00
# Visual Studio Version 17
VisualStudioVersion = 17.2.32616.157
MinimumVisualStudioVersion = 10.0.40219.1
Project("{F184B08F-C81C-45F6-A57F-5ABD9991F28F}") = "Test2", "Test2.vbproj", "{CE854E4A-88A5-4DB6-B1D3-814611F979B6}"
EndProject
Project("{F184B08F-C81C-45F6-A57F-5ABD9991F28F}") = "Test2Class", "..\Test2Class\Test2Class.vbproj", "{D85703BB-20D9-4A37-9264-7E640DDEB64A}"
EndProject
Global
	GlobalSection(SolutionConfigurationPlatforms) = preSolution
		Debug|Any CPU = Debug|Any CPU
		Release|Any CPU = Release|Any CPU
	EndGlobalSection
	GlobalSection(ProjectConfigurationPlatforms) = postSolution
		{CE854E4A-88A5-4DB6-B1D3-814611F979B6}.Debug|Any CPU.ActiveCfg = Debug|Any CPU
		{CE854E4A-88A5-4DB6-B1D3-814611F979B6}.Debug|Any CPU.Build.0 = Debug|Any CPU
		{CE854E4A-88A5-4DB6-B1D3-814611F979B6}.Release|Any CPU.ActiveCfg = Release|Any CPU
		{CE854E4A-88A5-4DB6-B1D3-814611F979B6}.Release|Any CPU.Build.0 = Release|Any CPU
		{D85703BB-20D9-4A37-9264-7E640DDEB64A}.Debug|Any CPU.ActiveCfg = Debug|Any CPU
		{D85703BB-20D9-4A37-9264-7E640DDEB64A}.Debug|Any CPU.Build.0 = Debug|Any CPU
		{D85703BB-20D9-4A37-9264-7E640DDEB64A}.Release|Any CPU.ActiveCfg = Release|Any CPU
		{D85703BB-20D9-4A37-9264-7E640DDEB64A}.Release|Any CPU.Build.0 = Release|Any CPU
	EndGlobalSection
	GlobalSection(SolutionProperties) = preSolution
		HideSolutionNode = FALSE
	EndGlobalSection
	GlobalSection(ExtensibilityGlobals) = postSolution
		SolutionGuid = {211B6A3D-71BA-4179-93D4-0D44045C098E}
	EndGlobalSection
EndGlobal
