
Microsoft Visual Studio Solution File, Format Version 12.00
# Visual Studio Version 17
VisualStudioVersion = 17.2.32616.157
MinimumVisualStudioVersion = 10.0.40219.1
Project("{D2ABAB84-BF74-430A-B69E-9DC6D40DDA17}") = "preubias", "preubias.dwproj", "{20BB925F-1E36-424F-A34E-F40B23069F0F}"
EndProject
Global
	GlobalSection(SolutionConfigurationPlatforms) = preSolution
		Development|Default = Development|Default
	EndGlobalSection
	GlobalSection(ProjectConfigurationPlatforms) = postSolution
		{20BB925F-1E36-424F-A34E-F40B23069F0F}.Development|Default.ActiveCfg = Development
		{20BB925F-1E36-424F-A34E-F40B23069F0F}.Development|Default.Build.0 = Development
		{20BB925F-1E36-424F-A34E-F40B23069F0F}.Development|Default.Deploy.0 = Development
	EndGlobalSection
	GlobalSection(SolutionProperties) = preSolution
		HideSolutionNode = FALSE
	EndGlobalSection
	GlobalSection(ExtensibilityGlobals) = postSolution
		SolutionGuid = {94E85FFB-53DD-40A7-ACA4-60D516C900CF}
	EndGlobalSection
EndGlobal
