
Microsoft Visual Studio Solution File, Format Version 12.00
# Visual Studio Version 17
VisualStudioVersion = 17.2.32505.173
MinimumVisualStudioVersion = 10.0.40219.1
Project("{F184B08F-C81C-45F6-A57F-5ABD9991F28F}") = "prueba2", "prueba2\prueba2.vbproj", "{65718F79-CAB3-4AA4-8220-C9F853875B69}"
EndProject
Global
	GlobalSection(SolutionConfigurationPlatforms) = preSolution
		Debug|Any CPU = Debug|Any CPU
		Release|Any CPU = Release|Any CPU
	EndGlobalSection
	GlobalSection(ProjectConfigurationPlatforms) = postSolution
		{65718F79-CAB3-4AA4-8220-C9F853875B69}.Debug|Any CPU.ActiveCfg = Debug|Any CPU
		{65718F79-CAB3-4AA4-8220-C9F853875B69}.Debug|Any CPU.Build.0 = Debug|Any CPU
		{65718F79-CAB3-4AA4-8220-C9F853875B69}.Release|Any CPU.ActiveCfg = Release|Any CPU
		{65718F79-CAB3-4AA4-8220-C9F853875B69}.Release|Any CPU.Build.0 = Release|Any CPU
	EndGlobalSection
	GlobalSection(SolutionProperties) = preSolution
		HideSolutionNode = FALSE
	EndGlobalSection
	GlobalSection(ExtensibilityGlobals) = postSolution
		SolutionGuid = {D4FE0C6F-DB84-4A25-AA49-260CD0930C04}
	EndGlobalSection
EndGlobal
