
Microsoft Visual Studio Solution File, Format Version 12.00
# Visual Studio Version 17
VisualStudioVersion = 17.2.32505.173
MinimumVisualStudioVersion = 10.0.40219.1
Project("{F184B08F-C81C-45F6-A57F-5ABD9991F28F}") = "8", "8\8.vbproj", "{91B7CE11-36AF-45BA-94F9-4AA86262369F}"
EndProject
Global
	GlobalSection(SolutionConfigurationPlatforms) = preSolution
		Debug|Any CPU = Debug|Any CPU
		Release|Any CPU = Release|Any CPU
	EndGlobalSection
	GlobalSection(ProjectConfigurationPlatforms) = postSolution
		{91B7CE11-36AF-45BA-94F9-4AA86262369F}.Debug|Any CPU.ActiveCfg = Debug|Any CPU
		{91B7CE11-36AF-45BA-94F9-4AA86262369F}.Debug|Any CPU.Build.0 = Debug|Any CPU
		{91B7CE11-36AF-45BA-94F9-4AA86262369F}.Release|Any CPU.ActiveCfg = Release|Any CPU
		{91B7CE11-36AF-45BA-94F9-4AA86262369F}.Release|Any CPU.Build.0 = Release|Any CPU
	EndGlobalSection
	GlobalSection(SolutionProperties) = preSolution
		HideSolutionNode = FALSE
	EndGlobalSection
	GlobalSection(ExtensibilityGlobals) = postSolution
		SolutionGuid = {617BD6E0-997F-40DF-BD36-55EFD18D5A07}
	EndGlobalSection
EndGlobal
